
Microsoft Visual Studio Solution File, Format Version 12.00
# Visual Studio Version 16
VisualStudioVersion = 16.0.29613.14
MinimumVisualStudioVersion = 10.0.40219.1
Project("{FAE04EC0-301F-11D3-BF4B-00C04F79EFBC}") = "DevLifeBot", "DevLifeBot.csproj", "{6BC8A493-FC21-4A95-A402-DF506D6ADC70}"
EndProject
Global
	GlobalSection(SolutionConfigurationPlatforms) = preSolution
		Debug|Any CPU = Debug|Any CPU
		Release|Any CPU = Release|Any CPU
	EndGlobalSection
	GlobalSection(ProjectConfigurationPlatforms) = postSolution
		{6BC8A493-FC21-4A95-A402-DF506D6ADC70}.Debug|Any CPU.ActiveCfg = Debug|Any CPU
		{6BC8A493-FC21-4A95-A402-DF506D6ADC70}.Debug|Any CPU.Build.0 = Debug|Any CPU
		{6BC8A493-FC21-4A95-A402-DF506D6ADC70}.Release|Any CPU.ActiveCfg = Release|Any CPU
		{6BC8A493-FC21-4A95-A402-DF506D6ADC70}.Release|Any CPU.Build.0 = Release|Any CPU
	EndGlobalSection
	GlobalSection(SolutionProperties) = preSolution
		HideSolutionNode = FALSE
	EndGlobalSection
	GlobalSection(ExtensibilityGlobals) = postSolution
		SolutionGuid = {1484FC56-6BE0-402B-B639-B8EBDD59629D}
	EndGlobalSection
EndGlobal
